<?xml version="1.0"?>
<!DOCTYPE CodeBlocks_project_file>
<CodeBlocks_project_file>
	<FileVersion major="1" minor="1"/>
	<Project>
		<Option title="spout_win32"/>
		<Option makefile="Makefile"/>
		<Option makefile_is_custom="0"/>
		<Option compiler="0"/>
		<Build>
			<Target title="default">
				<Option output="C:\DevKitGP2X\projects\spout\spoutwin32.exe"/>
				<Option working_dir="."/>
				<Option object_output=".objswin32"/>
				<Option deps_output=".depswin32"/>
				<Option type="0"/>
				<Option compiler="0"/>
				<Option projectResourceIncludeDirsRelation="0"/>
				<Compiler>
					<Add option="-fexpensive-optimizations"/>
					<Add option="-Os"/>
					<Add option="-O3"/>
				</Compiler>
				<Linker>
					<Add option="-s"/>
					<Add option="-static -lSDL"/>
				</Linker>
			</Target>
		</Build>
		<Linker>
			<Add option="-static -lSDL_mixer.dll -lSDL_ttf -lSDL_image -lmingw32 -lSDLmain -lSDL -mwindows -lwinmm"/>
		</Linker>
		<Unit filename="config.h">
			<Option compilerVar=""/>
			<Option compile="0"/>
			<Option link="0"/>
			<Option target="default"/>
		</Unit>
		<Unit filename="font.h">
			<Option compilerVar=""/>
			<Option compile="0"/>
			<Option link="0"/>
			<Option target="default"/>
		</Unit>
		<Unit filename="piece.c">
			<Option compilerVar="CC"/>
			<Option target="default"/>
		</Unit>
		<Unit filename="piece.h">
			<Option compilerVar=""/>
			<Option compile="0"/>
			<Option link="0"/>
			<Option target="default"/>
		</Unit>
		<Unit filename="sintable.h">
			<Option compilerVar=""/>
			<Option compile="0"/>
			<Option link="0"/>
			<Option target="default"/>
		</Unit>
		<Unit filename="spout.c">
			<Option compilerVar="CC"/>
			<Option target="default"/>
		</Unit>
	</Project>
</CodeBlocks_project_file>
